{
  "nodes": {
    "claude-code": {
      "inputs": {
        "nixpkgs": "nixpkgs"
      },
      "locked": {
        "lastModified": 1775596386,
        "narHash": "sha256-gm4uLwmMNxHse6ughtA2Oz6tdAbwDBAZ7q3l+Je9duo=",
        "owner": "ryoppippi",
        "repo": "claude-code-overlay",
        "rev": "a7b3970b0bb176f99e44572526ee5c6aee74fcfc",
        "type": "github"
      },
      "original": {
        "owner": "ryoppippi",
        "repo": "claude-code-overlay",
        "type": "github"
      }
    },
    "fish-plugin-fzf": {
      "flake": false,
      "locked": {
        "lastModified": 1773169111,
        "narHash": "sha256-H7HgYT+okuVXo2SinrSs+hxAKCn4Q4su7oMbebKd/7s=",
        "owner": "PatrickF1",
        "repo": "fzf.fish",
        "rev": "0069dbbe06cc05482bfb13063b4b4eac26318992",
        "type": "github"
      },
      "original": {
        "owner": "PatrickF1",
        "repo": "fzf.fish",
        "type": "github"
      }
    },
    "fish-plugin-z": {
      "flake": false,
      "locked": {
        "lastModified": 1766313233,
        "narHash": "sha256-4c9ScQVf55b2ANaR7Lp/oqLeuK+FxH/wKmSNLV+b/CE=",
        "owner": "jethrokuan",
        "repo": "z",
        "rev": "d2f502f5575b18a32e1bee2f2b3f869a5053c159",
        "type": "github"
      },
      "original": {
        "owner": "jethrokuan",
        "repo": "z",
        "type": "github"
      }
    },
    "home-manager": {
      "inputs": {
        "nixpkgs": [
          "nixpkgs"
        ]
      },
      "locked": {
        "lastModified": 1775616747,
        "narHash": "sha256-YdT9fCIuil4zkqJQyOMBpOEu/iHTyJhfVMS6ZYJ1mxs=",
        "owner": "nix-community",
        "repo": "home-manager",
        "rev": "6f35bb97991f796f1f19734dc3db0f4c50b14e18",
        "type": "github"
      },
      "original": {
        "owner": "nix-community",
        "repo": "home-manager",
        "type": "github"
      }
    },
    "nixpkgs": {
      "locked": {
        "lastModified": 1774106199,
        "narHash": "sha256-US5Tda2sKmjrg2lNHQL3jRQ6p96cgfWh3J1QBliQ8Ws=",
        "owner": "NixOS",
        "repo": "nixpkgs",
        "rev": "6c9a78c09ff4d6c21d0319114873508a6ec01655",
        "type": "github"
      },
      "original": {
        "owner": "NixOS",
        "ref": "nixos-unstable",
        "repo": "nixpkgs",
        "type": "github"
      }
    },
    "nixpkgs_2": {
      "locked": {
        "lastModified": 1775423009,
        "narHash": "sha256-vPKLpjhIVWdDrfiUM8atW6YkIggCEKdSAlJPzzhkQlw=",
        "owner": "nixos",
        "repo": "nixpkgs",
        "rev": "68d8aa3d661f0e6bd5862291b5bb263b2a6595c9",
        "type": "github"
      },
      "original": {
        "owner": "nixos",
        "ref": "nixos-unstable",
        "repo": "nixpkgs",
        "type": "github"
      }
    },
    "root": {
      "inputs": {
        "claude-code": "claude-code",
        "fish-plugin-fzf": "fish-plugin-fzf",
        "fish-plugin-z": "fish-plugin-z",
        "home-manager": "home-manager",
        "nixpkgs": "nixpkgs_2"
      }
    }
  },
  "root": "root",
  "version": 7
}
