{
  "nodes": {
    "claude-code": {
      "inputs": {
        "nixpkgs": "nixpkgs"
      },
      "locked": {
        "lastModified": 1776715915,
        "narHash": "sha256-I7fkAJ6AVn5DYMHbEKrSJs3tEeKfttlV+KtAJQGiZNk=",
        "owner": "ryoppippi",
        "repo": "claude-code-overlay",
        "rev": "2a785ef23ac866c91b372c89ea75eae95ece5832",
        "type": "github"
      },
      "original": {
        "owner": "ryoppippi",
        "repo": "claude-code-overlay",
        "type": "github"
      }
    },
    "fish-plugin-fzf": {
      "flake": false,
      "locked": {
        "lastModified": 1773169111,
        "narHash": "sha256-H7HgYT+okuVXo2SinrSs+hxAKCn4Q4su7oMbebKd/7s=",
        "owner": "PatrickF1",
        "repo": "fzf.fish",
        "rev": "0069dbbe06cc05482bfb13063b4b4eac26318992",
        "type": "github"
      },
      "original": {
        "owner": "PatrickF1",
        "repo": "fzf.fish",
        "type": "github"
      }
    },
    "fish-plugin-z": {
      "flake": false,
      "locked": {
        "lastModified": 1776339590,
        "narHash": "sha256-4+58sbZf852HImPqWmlJUtuZI0464nx+SyvZbrtsG+E=",
        "owner": "jethrokuan",
        "repo": "z",
        "rev": "26a50962bc68f5cb60fc488ee008b3d4d5be75f4",
        "type": "github"
      },
      "original": {
        "owner": "jethrokuan",
        "repo": "z",
        "type": "github"
      }
    },
    "home-manager": {
      "inputs": {
        "nixpkgs": [
          "nixpkgs"
        ]
      },
      "locked": {
        "lastModified": 1776721614,
        "narHash": "sha256-zGuW7C4tsScib2560yE5VV6lY/MdRs30aU9cbg3RP+U=",
        "owner": "nix-community",
        "repo": "home-manager",
        "rev": "c555a4a34a260493be5adb795c54e013c58f2d34",
        "type": "github"
      },
      "original": {
        "owner": "nix-community",
        "repo": "home-manager",
        "type": "github"
      }
    },
    "nixpkgs": {
      "locked": {
        "lastModified": 1774106199,
        "narHash": "sha256-US5Tda2sKmjrg2lNHQL3jRQ6p96cgfWh3J1QBliQ8Ws=",
        "owner": "NixOS",
        "repo": "nixpkgs",
        "rev": "6c9a78c09ff4d6c21d0319114873508a6ec01655",
        "type": "github"
      },
      "original": {
        "owner": "NixOS",
        "ref": "nixos-unstable",
        "repo": "nixpkgs",
        "type": "github"
      }
    },
    "nixpkgs_2": {
      "locked": {
        "lastModified": 1776548001,
        "narHash": "sha256-ZSK0NL4a1BwVbbTBoSnWgbJy9HeZFXLYQizjb2DPF24=",
        "owner": "nixos",
        "repo": "nixpkgs",
        "rev": "b12141ef619e0a9c1c84dc8c684040326f27cdcc",
        "type": "github"
      },
      "original": {
        "owner": "nixos",
        "ref": "nixos-unstable",
        "repo": "nixpkgs",
        "type": "github"
      }
    },
    "root": {
      "inputs": {
        "claude-code": "claude-code",
        "fish-plugin-fzf": "fish-plugin-fzf",
        "fish-plugin-z": "fish-plugin-z",
        "home-manager": "home-manager",
        "nixpkgs": "nixpkgs_2"
      }
    }
  },
  "root": "root",
  "version": 7
}
